
Microsoft Visual Studio Solution File, Format Version 12.00
# Visual Studio Version 16
VisualStudioVersion = 16.0.29728.190
MinimumVisualStudioVersion = 10.0.40219.1
Project("{FAE04EC0-301F-11D3-BF4B-00C04F79EFBC}") = "NumericalIntegration", "NumericalIntegration\NumericalIntegration.csproj", "{DF4017F4-1F80-4072-89EE-9882A5DE72C4}"
EndProject
Global
	GlobalSection(SolutionConfigurationPlatforms) = preSolution
		Debug|Any CPU = Debug|Any CPU
		Release|Any CPU = Release|Any CPU
	EndGlobalSection
	GlobalSection(ProjectConfigurationPlatforms) = postSolution
		{DF4017F4-1F80-4072-89EE-9882A5DE72C4}.Debug|Any CPU.ActiveCfg = Debug|Any CPU
		{DF4017F4-1F80-4072-89EE-9882A5DE72C4}.Debug|Any CPU.Build.0 = Debug|Any CPU
		{DF4017F4-1F80-4072-89EE-9882A5DE72C4}.Release|Any CPU.ActiveCfg = Release|Any CPU
		{DF4017F4-1F80-4072-89EE-9882A5DE72C4}.Release|Any CPU.Build.0 = Release|Any CPU
	EndGlobalSection
	GlobalSection(SolutionProperties) = preSolution
		HideSolutionNode = FALSE
	EndGlobalSection
	GlobalSection(ExtensibilityGlobals) = postSolution
		SolutionGuid = {5C482160-E68A-419C-847E-8C0E5290833A}
	EndGlobalSection
EndGlobal
